
Microsoft Visual Studio Solution File, Format Version 12.00
# Visual Studio Version 17
VisualStudioVersion = 17.6.33712.159
MinimumVisualStudioVersion = 10.0.40219.1
Project("{FAE04EC0-301F-11D3-BF4B-00C04F79EFBC}") = "SQLite databáze 1", "SQLite databáze 1\SQLite databáze 1.csproj", "{2B963E49-CAC7-4DF5-AEF7-81B573DDB095}"
EndProject
Global
	GlobalSection(SolutionConfigurationPlatforms) = preSolution
		Debug|Any CPU = Debug|Any CPU
		Release|Any CPU = Release|Any CPU
	EndGlobalSection
	GlobalSection(ProjectConfigurationPlatforms) = postSolution
		{2B963E49-CAC7-4DF5-AEF7-81B573DDB095}.Debug|Any CPU.ActiveCfg = Debug|Any CPU
		{2B963E49-CAC7-4DF5-AEF7-81B573DDB095}.Debug|Any CPU.Build.0 = Debug|Any CPU
		{2B963E49-CAC7-4DF5-AEF7-81B573DDB095}.Release|Any CPU.ActiveCfg = Release|Any CPU
		{2B963E49-CAC7-4DF5-AEF7-81B573DDB095}.Release|Any CPU.Build.0 = Release|Any CPU
	EndGlobalSection
	GlobalSection(SolutionProperties) = preSolution
		HideSolutionNode = FALSE
	EndGlobalSection
	GlobalSection(ExtensibilityGlobals) = postSolution
		SolutionGuid = {FCE7CA4F-50C0-437F-9BB2-714B6844DF7E}
	EndGlobalSection
EndGlobal
